
Microsoft Visual Studio Solution File, Format Version 12.00
# Visual Studio Version 17
VisualStudioVersion = 17.3.32929.385
MinimumVisualStudioVersion = 10.0.40219.1
Project("{FAE04EC0-301F-11D3-BF4B-00C04F79EFBC}") = "OOP.Advanced.Ex6", "OOP.Advanced.Ex6.csproj", "{1E3497AF-8106-4BB3-A8F0-8FB781E0DC50}"
EndProject
Global
	GlobalSection(SolutionConfigurationPlatforms) = preSolution
		Debug|Any CPU = Debug|Any CPU
		Release|Any CPU = Release|Any CPU
	EndGlobalSection
	GlobalSection(ProjectConfigurationPlatforms) = postSolution
		{1E3497AF-8106-4BB3-A8F0-8FB781E0DC50}.Debug|Any CPU.ActiveCfg = Debug|Any CPU
		{1E3497AF-8106-4BB3-A8F0-8FB781E0DC50}.Debug|Any CPU.Build.0 = Debug|Any CPU
		{1E3497AF-8106-4BB3-A8F0-8FB781E0DC50}.Release|Any CPU.ActiveCfg = Release|Any CPU
		{1E3497AF-8106-4BB3-A8F0-8FB781E0DC50}.Release|Any CPU.Build.0 = Release|Any CPU
	EndGlobalSection
	GlobalSection(SolutionProperties) = preSolution
		HideSolutionNode = FALSE
	EndGlobalSection
	GlobalSection(ExtensibilityGlobals) = postSolution
		SolutionGuid = {773ED89A-0959-4800-BCF1-F1CDB2FCB171}
	EndGlobalSection
EndGlobal
